{
  "version": 4,
  "terraform_version": "1.1.6",
  "serial": 163,
  "lineage": "0196bb6b-22aa-0fc1-6afa-79f7509bab29",
  "outputs": {},
  "resources": [
    {
      "mode": "managed",
      "type": "aws_elastic_beanstalk_application",
      "name": "elasticapp",
      "provider": "provider[\"registry.terraform.io/hashicorp/aws\"]",
      "instances": [
        {
          "schema_version": 0,
          "attributes": {
            "appversion_lifecycle": [],
            "arn": "arn:aws:elasticbeanstalk:us-east-1:670545159844:application/app1",
            "description": "",
            "id": "app1",
            "name": "app1",
            "tags": {},
            "tags_all": {}
          },
          "sensitive_attributes": [],
          "private": "bnVsbA=="
        }
      ]
    }
  ]
}
